
Microsoft Visual Studio Solution File, Format Version 12.00
# Visual Studio Version 17
VisualStudioVersion = 17.11.35312.102
MinimumVisualStudioVersion = 10.0.40219.1
Project("{FAE04EC0-301F-11D3-BF4B-00C04F79EFBC}") = "BasicMvc", "BasicMvc.csproj", "{F704440E-8229-4754-A8BC-9A8C6A414EBC}"
EndProject
Global
	GlobalSection(SolutionConfigurationPlatforms) = preSolution
		Debug|Any CPU = Debug|Any CPU
		Release|Any CPU = Release|Any CPU
	EndGlobalSection
	GlobalSection(ProjectConfigurationPlatforms) = postSolution
		{F704440E-8229-4754-A8BC-9A8C6A414EBC}.Debug|Any CPU.ActiveCfg = Debug|Any CPU
		{F704440E-8229-4754-A8BC-9A8C6A414EBC}.Debug|Any CPU.Build.0 = Debug|Any CPU
		{F704440E-8229-4754-A8BC-9A8C6A414EBC}.Release|Any CPU.ActiveCfg = Release|Any CPU
		{F704440E-8229-4754-A8BC-9A8C6A414EBC}.Release|Any CPU.Build.0 = Release|Any CPU
	EndGlobalSection
	GlobalSection(SolutionProperties) = preSolution
		HideSolutionNode = FALSE
	EndGlobalSection
	GlobalSection(ExtensibilityGlobals) = postSolution
		SolutionGuid = {82E70663-EBF8-4B26-ADC5-C7D5C9FFC095}
	EndGlobalSection
EndGlobal
